// !$*UTF8*$!
{
	archiveVersion = 1;
	classes = {
	};
	objectVersion = 50;
	objects = {

/* Begin PBXBuildFile section */
		77DA3B1C22E9FCA00067A523 /* AppDelegate.swift in Sources */ = {isa = PBXBuildFile; fileRef = 77DA3B1B22E9FCA00067A523 /* AppDelegate.swift */; };
		77DA3B1E22E9FCA00067A523 /* ViewController.swift in Sources */ = {isa = PBXBuildFile; fileRef = 77DA3B1D22E9FCA00067A523 /* ViewController.swift */; };
		77DA3B2122E9FCA00067A523 /* Main.storyboard in Resources */ = {isa = PBXBuildFile; fileRef = 77DA3B1F22E9FCA00067A523 /* Main.storyboard */; };
		77DA3B2322E9FCA10067A523 /* Assets.xcassets in Resources */ = {isa = PBXBuildFile; fileRef = 77DA3B2222E9FCA10067A523 /* Assets.xcassets */; };
		77DA3B2622E9FCA10067A523 /* LaunchScreen.storyboard in Resources */ = {isa = PBXBuildFile; fileRef = 77DA3B2422E9FCA10067A523 /* LaunchScreen.storyboard */; };
		77DA3B3122E9FCA10067A523 /* UnitTestDemoTests.swift in Sources */ = {isa = PBXBuildFile; fileRef = 77DA3B3022E9FCA10067A523 /* UnitTestDemoTests.swift */; };
		77DA3B3C22E9FCA10067A523 /* UnitTestDemoUITests.swift in Sources */ = {isa = PBXBuildFile; fileRef = 77DA3B3B22E9FCA10067A523 /* UnitTestDemoUITests.swift */; };
/* End PBXBuildFile section */

/* Begin PBXContainerItemProxy section */
		77DA3B2D22E9FCA10067A523 /* PBXContainerItemProxy */ = {
			isa = PBXContainerItemProxy;
			containerPortal = 77DA3B1022E9FC9F0067A523 /* Project object */;
			proxyType = 1;
			remoteGlobalIDString = 77DA3B1722E9FCA00067A523;
			remoteInfo = UnitTestDemo;
		};
		77DA3B3822E9FCA10067A523 /* PBXContainerItemProxy */ = {
			isa = PBXContainerItemProxy;
			containerPortal = 77DA3B1022E9FC9F0067A523 /* Project object */;
			proxyType = 1;
			remoteGlobalIDString = 77DA3B1722E9FCA00067A523;
			remoteInfo = UnitTestDemo;
		};
/* End PBXContainerItemProxy section */

/* Begin PBXFileReference section */
		77DA3B1822E9FCA00067A523 /* UnitTestDemo.app */ = {isa = PBXFileReference; explicitFileType = wrapper.application; includeInIndex = 0; path = UnitTestDemo.app; sourceTree = BUILT_PRODUCTS_DIR; };
		77DA3B1B22E9FCA00067A523 /* AppDelegate.swift */ = {isa = PBXFileReference; lastKnownFileType = sourcecode.swift; path = AppDelegate.swift; sourceTree = "<group>"; };
		77DA3B1D22E9FCA00067A523 /* ViewController.swift */ = {isa = PBXFileReference; lastKnownFileType = sourcecode.swift; path = ViewController.swift; sourceTree = "<group>"; };
		77DA3B2022E9FCA00067A523 /* Base */ = {isa = PBXFileReference; lastKnownFileType = file.storyboard; name = Base; path = Base.lproj/Main.storyboard; sourceTree = "<group>"; };
		77DA3B2222E9FCA10067A523 /* Assets.xcassets */ = {isa = PBXFileReference; lastKnownFileType = folder.assetcatalog; path = Assets.xcassets; sourceTree = "<group>"; };
		77DA3B2522E9FCA10067A523 /* Base */ = {isa = PBXFileReference; lastKnownFileType = file.storyboard; name = Base; path = Base.lproj/LaunchScreen.storyboard; sourceTree = "<group>"; };
		77DA3B2722E9FCA10067A523 /* Info.plist */ = {isa = PBXFileReference; lastKnownFileType = text.plist.xml; path = Info.plist; sourceTree = "<group>"; };
		77DA3B2C22E9FCA10067A523 /* UnitTestDemoTests.xctest */ = {isa = PBXFileReference; explicitFileType = wrapper.cfbundle; includeInIndex = 0; path = UnitTestDemoTests.xctest; sourceTree = BUILT_PRODUCTS_DIR; };
		77DA3B3022E9FCA10067A523 /* UnitTestDemoTests.swift */ = {isa = PBXFileReference; lastKnownFileType = sourcecode.swift; path = UnitTestDemoTests.swift; sourceTree = "<group>"; };
		77DA3B3222E9FCA10067A523 /* Info.plist */ = {isa = PBXFileReference; lastKnownFileType = text.plist.xml; path = Info.plist; sourceTree = "<group>"; };
		77DA3B3722E9FCA10067A523 /* UnitTestDemoUITests.xctest */ = {isa = PBXFileReference; explicitFileType = wrapper.cfbundle; includeInIndex = 0; path = UnitTestDemoUITests.xctest; sourceTree = BUILT_PRODUCTS_DIR; };
		77DA3B3B22E9FCA10067A523 /* UnitTestDemoUITests.swift */ = {isa = PBXFileReference; lastKnownFileType = sourcecode.swift; path = UnitTestDemoUITests.swift; sourceTree = "<group>"; };
		77DA3B3D22E9FCA10067A523 /* Info.plist */ = {isa = PBXFileReference; lastKnownFileType = text.plist.xml; path = Info.plist; sourceTree = "<group>"; };
/* End PBXFileReference section */

/* Begin PBXFrameworksBuildPhase section */
		77DA3B1522E9FCA00067A523 /* Frameworks */ = {
			isa = PBXFrameworksBuildPhase;
			buildActionMask = 2147483647;
			files = (
			);
			runOnlyForDeploymentPostprocessing = 0;
		};
		77DA3B2922E9FCA10067A523 /* Frameworks */ = {
			isa = PBXFrameworksBuildPhase;
			buildActionMask = 2147483647;
			files = (
			);
			runOnlyForDeploymentPostprocessing = 0;
		};
		77DA3B3422E9FCA10067A523 /* Frameworks */ = {
			isa = PBXFrameworksBuildPhase;
			buildActionMask = 2147483647;
			files = (
			);
			runOnlyForDeploymentPostprocessing = 0;
		};
/* End PBXFrameworksBuildPhase section */

/* Begin PBXGroup section */
		77DA3B0F22E9FC9F0067A523 = {
			isa = PBXGroup;
			children = (
				77DA3B1A22E9FCA00067A523 /* UnitTestDemo */,
				77DA3B2F22E9FCA10067A523 /* UnitTestDemoTests */,
				77DA3B3A22E9FCA10067A523 /* UnitTestDemoUITests */,
				77DA3B1922E9FCA00067A523 /* Products */,
			);
			sourceTree = "<group>";
		};
		77DA3B1922E9FCA00067A523 /* Products */ = {
			isa = PBXGroup;
			children = (
				77DA3B1822E9FCA00067A523 /* UnitTestDemo.app */,
				77DA3B2C22E9FCA10067A523 /* UnitTestDemoTests.xctest */,
				77DA3B3722E9FCA10067A523 /* UnitTestDemoUITests.xctest */,
			);
			name = Products;
			sourceTree = "<group>";
		};
		77DA3B1A22E9FCA00067A523 /* UnitTestDemo */ = {
			isa = PBXGroup;
			children = (
				77DA3B1B22E9FCA00067A523 /* AppDelegate.swift */,
				77DA3B1D22E9FCA00067A523 /* ViewController.swift */,
				77DA3B1F22E9FCA00067A523 /* Main.storyboard */,
				77DA3B2222E9FCA10067A523 /* Assets.xcassets */,
				77DA3B2422E9FCA10067A523 /* LaunchScreen.storyboard */,
				77DA3B2722E9FCA10067A523 /* Info.plist */,
			);
			path = UnitTestDemo;
			sourceTree = "<group>";
		};
		77DA3B2F22E9FCA10067A523 /* UnitTestDemoTests */ = {
			isa = PBXGroup;
			children = (
				77DA3B3022E9FCA10067A523 /* UnitTestDemoTests.swift */,
				77DA3B3222E9FCA10067A523 /* Info.plist */,
			);
			path = UnitTestDemoTests;
			sourceTree = "<group>";
		};
		77DA3B3A22E9FCA10067A523 /* UnitTestDemoUITests */ = {
			isa = PBXGroup;
			children = (
				77DA3B3B22E9FCA10067A523 /* UnitTestDemoUITests.swift */,
				77DA3B3D22E9FCA10067A523 /* Info.plist */,
			);
			path = UnitTestDemoUITests;
			sourceTree = "<group>";
		};
/* End PBXGroup section */

/* Begin PBXNativeTarget section */
		77DA3B1722E9FCA00067A523 /* UnitTestDemo */ = {
			isa = PBXNativeTarget;
			buildConfigurationList = 77DA3B4022E9FCA10067A523 /* Build configuration list for PBXNativeTarget "UnitTestDemo" */;
			buildPhases = (
				77DA3B1422E9FCA00067A523 /* Sources */,
				77DA3B1522E9FCA00067A523 /* Frameworks */,
				77DA3B1622E9FCA00067A523 /* Resources */,
			);
			buildRules = (
			);
			dependencies = (
			);
			name = UnitTestDemo;
			productName = UnitTestDemo;
			productReference = 77DA3B1822E9FCA00067A523 /* UnitTestDemo.app */;
			productType = "com.apple.product-type.application";
		};
		77DA3B2B22E9FCA10067A523 /* UnitTestDemoTests */ = {
			isa = PBXNativeTarget;
			buildConfigurationList = 77DA3B4322E9FCA10067A523 /* Build configuration list for PBXNativeTarget "UnitTestDemoTests" */;
			buildPhases = (
				77DA3B2822E9FCA10067A523 /* Sources */,
				77DA3B2922E9FCA10067A523 /* Frameworks */,
				77DA3B2A22E9FCA10067A523 /* Resources */,
			);
			buildRules = (
			);
			dependencies = (
				77DA3B2E22E9FCA10067A523 /* PBXTargetDependency */,
			);
			name = UnitTestDemoTests;
			productName = UnitTestDemoTests;
			productReference = 77DA3B2C22E9FCA10067A523 /* UnitTestDemoTests.xctest */;
			productType = "com.apple.product-type.bundle.unit-test";
		};
		77DA3B3622E9FCA10067A523 /* UnitTestDemoUITests */ = {
			isa = PBXNativeTarget;
			buildConfigurationList = 77DA3B4622E9FCA10067A523 /* Build configuration list for PBXNativeTarget "UnitTestDemoUITests" */;
			buildPhases = (
				77DA3B3322E9FCA10067A523 /* Sources */,
				77DA3B3422E9FCA10067A523 /* Frameworks */,
				77DA3B3522E9FCA10067A523 /* Resources */,
			);
			buildRules = (
			);
			dependencies = (
				77DA3B3922E9FCA10067A523 /* PBXTargetDependency */,
			);
			name = UnitTestDemoUITests;
			productName = UnitTestDemoUITests;
			productReference = 77DA3B3722E9FCA10067A523 /* UnitTestDemoUITests.xctest */;
			productType = "com.apple.product-type.bundle.ui-testing";
		};
/* End PBXNativeTarget section */

/* Begin PBXProject section */
		77DA3B1022E9FC9F0067A523 /* Project object */ = {
			isa = PBXProject;
			attributes = {
				LastSwiftUpdateCheck = 1020;
				LastUpgradeCheck = 1020;
				ORGANIZATIONNAME = "Abhishek Gupta";
				TargetAttributes = {
					77DA3B1722E9FCA00067A523 = {
						CreatedOnToolsVersion = 10.2.1;
					};
					77DA3B2B22E9FCA10067A523 = {
						CreatedOnToolsVersion = 10.2.1;
						TestTargetID = 77DA3B1722E9FCA00067A523;
					};
					77DA3B3622E9FCA10067A523 = {
						CreatedOnToolsVersion = 10.2.1;
						TestTargetID = 77DA3B1722E9FCA00067A523;
					};
				};
			};
			buildConfigurationList = 77DA3B1322E9FC9F0067A523 /* Build configuration list for PBXProject "UnitTestDemo" */;
			compatibilityVersion = "Xcode 9.3";
			developmentRegion = en;
			hasScannedForEncodings = 0;
			knownRegions = (
				en,
				Base,
			);
			mainGroup = 77DA3B0F22E9FC9F0067A523;
			productRefGroup = 77DA3B1922E9FCA00067A523 /* Products */;
			projectDirPath = "";
			projectRoot = "";
			targets = (
				77DA3B1722E9FCA00067A523 /* UnitTestDemo */,
				77DA3B2B22E9FCA10067A523 /* UnitTestDemoTests */,
				77DA3B3622E9FCA10067A523 /* UnitTestDemoUITests */,
			);
		};
/* End PBXProject section */

/* Begin PBXResourcesBuildPhase section */
		77DA3B1622E9FCA00067A523 /* Resources */ = {
			isa = PBXResourcesBuildPhase;
			buildActionMask = 2147483647;
			files = (
				77DA3B2622E9FCA10067A523 /* LaunchScreen.storyboard in Resources */,
				77DA3B2322E9FCA10067A523 /* Assets.xcassets in Resources */,
				77DA3B2122E9FCA00067A523 /* Main.storyboard in Resources */,
			);
			runOnlyForDeploymentPostprocessing = 0;
		};
		77DA3B2A22E9FCA10067A523 /* Resources */ = {
			isa = PBXResourcesBuildPhase;
			buildActionMask = 2147483647;
			files = (
			);
			runOnlyForDeploymentPostprocessing = 0;
		};
		77DA3B3522E9FCA10067A523 /* Resources */ = {
			isa = PBXResourcesBuildPhase;
			buildActionMask = 2147483647;
			files = (
			);
			runOnlyForDeploymentPostprocessing = 0;
		};
/* End PBXResourcesBuildPhase section */

/* Begin PBXSourcesBuildPhase section */
		77DA3B1422E9FCA00067A523 /* Sources */ = {
			isa = PBXSourcesBuildPhase;
			buildActionMask = 2147483647;
			files = (
				77DA3B1E22E9FCA00067A523 /* ViewController.swift in Sources */,
				77DA3B1C22E9FCA00067A523 /* AppDelegate.swift in Sources */,
			);
			runOnlyForDeploymentPostprocessing = 0;
		};
		77DA3B2822E9FCA10067A523 /* Sources */ = {
			isa = PBXSourcesBuildPhase;
			buildActionMask = 2147483647;
			files = (
				77DA3B3122E9FCA10067A523 /* UnitTestDemoTests.swift in Sources */,
			);
			runOnlyForDeploymentPostprocessing = 0;
		};
		77DA3B3322E9FCA10067A523 /* Sources */ = {
			isa = PBXSourcesBuildPhase;
			buildActionMask = 2147483647;
			files = (
				77DA3B3C22E9FCA10067A523 /* UnitTestDemoUITests.swift in Sources */,
			);
			runOnlyForDeploymentPostprocessing = 0;
		};
/* End PBXSourcesBuildPhase section */

/* Begin PBXTargetDependency section */
		77DA3B2E22E9FCA10067A523 /* PBXTargetDependency */ = {
			isa = PBXTargetDependency;
			target = 77DA3B1722E9FCA00067A523 /* UnitTestDemo */;
			targetProxy = 77DA3B2D22E9FCA10067A523 /* PBXContainerItemProxy */;
		};
		77DA3B3922E9FCA10067A523 /* PBXTargetDependency */ = {
			isa = PBXTargetDependency;
			target = 77DA3B1722E9FCA00067A523 /* UnitTestDemo */;
			targetProxy = 77DA3B3822E9FCA10067A523 /* PBXContainerItemProxy */;
		};
/* End PBXTargetDependency section */

/* Begin PBXVariantGroup section */
		77DA3B1F22E9FCA00067A523 /* Main.storyboard */ = {
			isa = PBXVariantGroup;
			children = (
				77DA3B2022E9FCA00067A523 /* Base */,
			);
			name = Main.storyboard;
			sourceTree = "<group>";
		};
		77DA3B2422E9FCA10067A523 /* LaunchScreen.storyboard */ = {
			isa = PBXVariantGroup;
			children = (
				77DA3B2522E9FCA10067A523 /* Base */,
			);
			name = LaunchScreen.storyboard;
			sourceTree = "<group>";
		};
/* End PBXVariantGroup section */

/* Begin XCBuildConfiguration section */
		77DA3B3E22E9FCA10067A523 /* Debug */ = {
			isa = XCBuildConfiguration;
			buildSettings = {
				ALWAYS_SEARCH_USER_PATHS = NO;
				CLANG_ANALYZER_NONNULL = YES;
				CLANG_ANALYZER_NUMBER_OBJECT_CONVERSION = YES_AGGRESSIVE;
				CLANG_CXX_LANGUAGE_STANDARD = "gnu++14";
				CLANG_CXX_LIBRARY = "libc++";
				CLANG_ENABLE_MODULES = YES;
				CLANG_ENABLE_OBJC_ARC = YES;
				CLANG_ENABLE_OBJC_WEAK = YES;
				CLANG_WARN_BLOCK_CAPTURE_AUTORELEASING = YES;
				CLANG_WARN_BOOL_CONVERSION = YES;
				CLANG_WARN_COMMA = YES;
				CLANG_WARN_CONSTANT_CONVERSION = YES;
				CLANG_WARN_DEPRECATED_OBJC_IMPLEMENTATIONS = YES;
				CLANG_WARN_DIRECT_OBJC_ISA_USAGE = YES_ERROR;
				CLANG_WARN_DOCUMENTATION_COMMENTS = YES;
				CLANG_WARN_EMPTY_BODY = YES;
				CLANG_WARN_ENUM_CONVERSION = YES;
				CLANG_WARN_INFINITE_RECURSION = YES;
				CLANG_WARN_INT_CONVERSION = YES;
				CLANG_WARN_NON_LITERAL_NULL_CONVERSION = YES;
				CLANG_WARN_OBJC_IMPLICIT_RETAIN_SELF = YES;
				CLANG_WARN_OBJC_LITERAL_CONVERSION = YES;
				CLANG_WARN_OBJC_ROOT_CLASS = YES_ERROR;
				CLANG_WARN_RANGE_LOOP_ANALYSIS = YES;
				CLANG_WARN_STRICT_PROTOTYPES = YES;
				CLANG_WARN_SUSPICIOUS_MOVE = YES;
				CLANG_WARN_UNGUARDED_AVAILABILITY = YES_AGGRESSIVE;
				CLANG_WARN_UNREACHABLE_CODE = YES;
				CLANG_WARN__DUPLICATE_METHOD_MATCH = YES;
				CODE_SIGN_IDENTITY = "iPhone Developer";
				COPY_PHASE_STRIP = NO;
				DEBUG_INFORMATION_FORMAT = dwarf;
				ENABLE_STRICT_OBJC_MSGSEND = YES;
				ENABLE_TESTABILITY = YES;
				GCC_C_LANGUAGE_STANDARD = gnu11;
				GCC_DYNAMIC_NO_PIC = NO;
				GCC_NO_COMMON_BLOCKS = YES;
				GCC_OPTIMIZATION_LEVEL = 0;
				GCC_PREPROCESSOR_DEFINITIONS = (
					"DEBUG=1",
					"$(inherited)",
				);
				GCC_WARN_64_TO_32_BIT_CONVERSION = YES;
				GCC_WARN_ABOUT_RETURN_TYPE = YES_ERROR;
				GCC_WARN_UNDECLARED_SELECTOR = YES;
				GCC_WARN_UNINITIALIZED_AUTOS = YES_AGGRESSIVE;
				GCC_WARN_UNUSED_FUNCTION = YES;
				GCC_WARN_UNUSED_VARIABLE = YES;
				IPHONEOS_DEPLOYMENT_TARGET = 12.2;
				MTL_ENABLE_DEBUG_INFO = INCLUDE_SOURCE;
				MTL_FAST_MATH = YES;
				ONLY_ACTIVE_ARCH = YES;
				SDKROOT = iphoneos;
				SWIFT_ACTIVE_COMPILATION_CONDITIONS = DEBUG;
				SWIFT_OPTIMIZATION_LEVEL = "-Onone";
			};
			name = Debug;
		};
		77DA3B3F22E9FCA10067A523 /* Release */ = {
			isa = XCBuildConfiguration;
			buildSettings = {
				ALWAYS_SEARCH_USER_PATHS = NO;
				CLANG_ANALYZER_NONNULL = YES;
				CLANG_ANALYZER_NUMBER_OBJECT_CONVERSION = YES_AGGRESSIVE;
				CLANG_CXX_LANGUAGE_STANDARD = "gnu++14";
				CLANG_CXX_LIBRARY = "libc++";
				CLANG_ENABLE_MODULES = YES;
				CLANG_ENABLE_OBJC_ARC = YES;
				CLANG_ENABLE_OBJC_WEAK = YES;
				CLANG_WARN_BLOCK_CAPTURE_AUTORELEASING = YES;
				CLANG_WARN_BOOL_CONVERSION = YES;
				CLANG_WARN_COMMA = YES;
				CLANG_WARN_CONSTANT_CONVERSION = YES;
				CLANG_WARN_DEPRECATED_OBJC_IMPLEMENTATIONS = YES;
				CLANG_WARN_DIRECT_OBJC_ISA_USAGE = YES_ERROR;
				CLANG_WARN_DOCUMENTATION_COMMENTS = YES;
				CLANG_WARN_EMPTY_BODY = YES;
				CLANG_WARN_ENUM_CONVERSION = YES;
				CLANG_WARN_INFINITE_RECURSION = YES;
				CLANG_WARN_INT_CONVERSION = YES;
				CLANG_WARN_NON_LITERAL_NULL_CONVERSION = YES;
				CLANG_WARN_OBJC_IMPLICIT_RETAIN_SELF = YES;
				CLANG_WARN_OBJC_LITERAL_CONVERSION = YES;
				CLANG_WARN_OBJC_ROOT_CLASS = YES_ERROR;
				CLANG_WARN_RANGE_LOOP_ANALYSIS = YES;
				CLANG_WARN_STRICT_PROTOTYPES = YES;
				CLANG_WARN_SUSPICIOUS_MOVE = YES;
				CLANG_WARN_UNGUARDED_AVAILABILITY = YES_AGGRESSIVE;
				CLANG_WARN_UNREACHABLE_CODE = YES;
				CLANG_WARN__DUPLICATE_METHOD_MATCH = YES;
				CODE_SIGN_IDENTITY = "iPhone Developer";
				COPY_PHASE_STRIP = NO;
				DEBUG_INFORMATION_FORMAT = "dwarf-with-dsym";
				ENABLE_NS_ASSERTIONS = NO;
				ENABLE_STRICT_OBJC_MSGSEND = YES;
				GCC_C_LANGUAGE_STANDARD = gnu11;
				GCC_NO_COMMON_BLOCKS = YES;
				GCC_WARN_64_TO_32_BIT_CONVERSION = YES;
				GCC_WARN_ABOUT_RETURN_TYPE = YES_ERROR;
				GCC_WARN_UNDECLARED_SELECTOR = YES;
				GCC_WARN_UNINITIALIZED_AUTOS = YES_AGGRESSIVE;
				GCC_WARN_UNUSED_FUNCTION = YES;
				GCC_WARN_UNUSED_VARIABLE = YES;
				IPHONEOS_DEPLOYMENT_TARGET = 12.2;
				MTL_ENABLE_DEBUG_INFO = NO;
				MTL_FAST_MATH = YES;
				SDKROOT = iphoneos;
				SWIFT_COMPILATION_MODE = wholemodule;
				SWIFT_OPTIMIZATION_LEVEL = "-O";
				VALIDATE_PRODUCT = YES;
			};
			name = Release;
		};
		77DA3B4122E9FCA10067A523 /* Debug */ = {
			isa = XCBuildConfiguration;
			buildSettings = {
				ASSETCATALOG_COMPILER_APPICON_NAME = AppIcon;
				CODE_SIGN_STYLE = Automatic;
				INFOPLIST_FILE = UnitTestDemo/Info.plist;
				LD_RUNPATH_SEARCH_PATHS = (
					"$(inherited)",
					"@executable_path/Frameworks",
				);
				PRODUCT_BUNDLE_IDENTIFIER = com.UnitTestDemo;
				PRODUCT_NAME = "$(TARGET_NAME)";
				SWIFT_VERSION = 5.0;
				TARGETED_DEVICE_FAMILY = "1,2";
			};
			name = Debug;
		};
		77DA3B4222E9FCA10067A523 /* Release */ = {
			isa = XCBuildConfiguration;
			buildSettings = {
				ASSETCATALOG_COMPILER_APPICON_NAME = AppIcon;
				CODE_SIGN_STYLE = Automatic;
				INFOPLIST_FILE = UnitTestDemo/Info.plist;
				LD_RUNPATH_SEARCH_PATHS = (
					"$(inherited)",
					"@executable_path/Frameworks",
				);
				PRODUCT_BUNDLE_IDENTIFIER = com.UnitTestDemo;
				PRODUCT_NAME = "$(TARGET_NAME)";
				SWIFT_VERSION = 5.0;
				TARGETED_DEVICE_FAMILY = "1,2";
			};
			name = Release;
		};
		77DA3B4422E9FCA10067A523 /* Debug */ = {
			isa = XCBuildConfiguration;
			buildSettings = {
				ALWAYS_EMBED_SWIFT_STANDARD_LIBRARIES = YES;
				BUNDLE_LOADER = "$(TEST_HOST)";
				CODE_SIGN_STYLE = Automatic;
				INFOPLIST_FILE = UnitTestDemoTests/Info.plist;
				LD_RUNPATH_SEARCH_PATHS = (
					"$(inherited)",
					"@executable_path/Frameworks",
					"@loader_path/Frameworks",
				);
				PRODUCT_BUNDLE_IDENTIFIER = com.UnitTestDemoTests;
				PRODUCT_NAME = "$(TARGET_NAME)";
				SWIFT_VERSION = 5.0;
				TARGETED_DEVICE_FAMILY = "1,2";
				TEST_HOST = "$(BUILT_PRODUCTS_DIR)/UnitTestDemo.app/UnitTestDemo";
			};
			name = Debug;
		};
		77DA3B4522E9FCA10067A523 /* Release */ = {
			isa = XCBuildConfiguration;
			buildSettings = {
				ALWAYS_EMBED_SWIFT_STANDARD_LIBRARIES = YES;
				BUNDLE_LOADER = "$(TEST_HOST)";
				CODE_SIGN_STYLE = Automatic;
				INFOPLIST_FILE = UnitTestDemoTests/Info.plist;
				LD_RUNPATH_SEARCH_PATHS = (
					"$(inherited)",
					"@executable_path/Frameworks",
					"@loader_path/Frameworks",
				);
				PRODUCT_BUNDLE_IDENTIFIER = com.UnitTestDemoTests;
				PRODUCT_NAME = "$(TARGET_NAME)";
				SWIFT_VERSION = 5.0;
				TARGETED_DEVICE_FAMILY = "1,2";
				TEST_HOST = "$(BUILT_PRODUCTS_DIR)/UnitTestDemo.app/UnitTestDemo";
			};
			name = Release;
		};
		77DA3B4722E9FCA10067A523 /* Debug */ = {
			isa = XCBuildConfiguration;
			buildSettings = {
				ALWAYS_EMBED_SWIFT_STANDARD_LIBRARIES = YES;
				CODE_SIGN_STYLE = Automatic;
				INFOPLIST_FILE = UnitTestDemoUITests/Info.plist;
				LD_RUNPATH_SEARCH_PATHS = (
					"$(inherited)",
					"@executable_path/Frameworks",
					"@loader_path/Frameworks",
				);
				PRODUCT_BUNDLE_IDENTIFIER = com.UnitTestDemoUITests;
				PRODUCT_NAME = "$(TARGET_NAME)";
				SWIFT_VERSION = 5.0;
				TARGETED_DEVICE_FAMILY = "1,2";
				TEST_TARGET_NAME = UnitTestDemo;
			};
			name = Debug;
		};
		77DA3B4822E9FCA10067A523 /* Release */ = {
			isa = XCBuildConfiguration;
			buildSettings = {
				ALWAYS_EMBED_SWIFT_STANDARD_LIBRARIES = YES;
				CODE_SIGN_STYLE = Automatic;
				INFOPLIST_FILE = UnitTestDemoUITests/Info.plist;
				LD_RUNPATH_SEARCH_PATHS = (
					"$(inherited)",
					"@executable_path/Frameworks",
					"@loader_path/Frameworks",
				);
				PRODUCT_BUNDLE_IDENTIFIER = com.UnitTestDemoUITests;
				PRODUCT_NAME = "$(TARGET_NAME)";
				SWIFT_VERSION = 5.0;
				TARGETED_DEVICE_FAMILY = "1,2";
				TEST_TARGET_NAME = UnitTestDemo;
			};
			name = Release;
		};
/* End XCBuildConfiguration section */

/* Begin XCConfigurationList section */
		77DA3B1322E9FC9F0067A523 /* Build configuration list for PBXProject "UnitTestDemo" */ = {
			isa = XCConfigurationList;
			buildConfigurations = (
				77DA3B3E22E9FCA10067A523 /* Debug */,
				77DA3B3F22E9FCA10067A523 /* Release */,
			);
			defaultConfigurationIsVisible = 0;
			defaultConfigurationName = Release;
		};
		77DA3B4022E9FCA10067A523 /* Build configuration list for PBXNativeTarget "UnitTestDemo" */ = {
			isa = XCConfigurationList;
			buildConfigurations = (
				77DA3B4122E9FCA10067A523 /* Debug */,
				77DA3B4222E9FCA10067A523 /* Release */,
			);
			defaultConfigurationIsVisible = 0;
			defaultConfigurationName = Release;
		};
		77DA3B4322E9FCA10067A523 /* Build configuration list for PBXNativeTarget "UnitTestDemoTests" */ = {
			isa = XCConfigurationList;
			buildConfigurations = (
				77DA3B4422E9FCA10067A523 /* Debug */,
				77DA3B4522E9FCA10067A523 /* Release */,
			);
			defaultConfigurationIsVisible = 0;
			defaultConfigurationName = Release;
		};
		77DA3B4622E9FCA10067A523 /* Build configuration list for PBXNativeTarget "UnitTestDemoUITests" */ = {
			isa = XCConfigurationList;
			buildConfigurations = (
				77DA3B4722E9FCA10067A523 /* Debug */,
				77DA3B4822E9FCA10067A523 /* Release */,
			);
			defaultConfigurationIsVisible = 0;
			defaultConfigurationName = Release;
		};
/* End XCConfigurationList section */
	};
	rootObject = 77DA3B1022E9FC9F0067A523 /* Project object */;
}
